
Microsoft Visual Studio Solution File, Format Version 12.00
# Visual Studio Version 16
VisualStudioVersion = 16.0.34601.136
MinimumVisualStudioVersion = 10.0.40219.1
Project("{FAE04EC0-301F-11D3-BF4B-00C04F79EFBC}") = "paycell_deneme", "paycell_deneme\paycell_deneme.csproj", "{D84DECDC-BE27-4B39-A804-E4E1FEA54423}"
EndProject
Global
	GlobalSection(SolutionConfigurationPlatforms) = preSolution
		Debug|Any CPU = Debug|Any CPU
		Release|Any CPU = Release|Any CPU
	EndGlobalSection
	GlobalSection(ProjectConfigurationPlatforms) = postSolution
		{D84DECDC-BE27-4B39-A804-E4E1FEA54423}.Debug|Any CPU.ActiveCfg = Debug|Any CPU
		{D84DECDC-BE27-4B39-A804-E4E1FEA54423}.Debug|Any CPU.Build.0 = Debug|Any CPU
		{D84DECDC-BE27-4B39-A804-E4E1FEA54423}.Release|Any CPU.ActiveCfg = Release|Any CPU
		{D84DECDC-BE27-4B39-A804-E4E1FEA54423}.Release|Any CPU.Build.0 = Release|Any CPU
	EndGlobalSection
	GlobalSection(SolutionProperties) = preSolution
		HideSolutionNode = FALSE
	EndGlobalSection
	GlobalSection(ExtensibilityGlobals) = postSolution
		SolutionGuid = {89C09C5B-5599-4DE9-903C-5CCD99897672}
	EndGlobalSection
EndGlobal
